
Microsoft Visual Studio Solution File, Format Version 12.00
# Visual Studio Version 16
VisualStudioVersion = 16.0.31829.152
MinimumVisualStudioVersion = 10.0.40219.1
Project("{FAE04EC0-301F-11D3-BF4B-00C04F79EFBC}") = "QuickPrototype", "QuickPrototype.csproj", "{AE7562CF-863A-4337-853C-B42697EC242A}"
EndProject
Global
	GlobalSection(SolutionConfigurationPlatforms) = preSolution
		Debug|Any CPU = Debug|Any CPU
		Release|Any CPU = Release|Any CPU
	EndGlobalSection
	GlobalSection(ProjectConfigurationPlatforms) = postSolution
		{AE7562CF-863A-4337-853C-B42697EC242A}.Debug|Any CPU.ActiveCfg = Debug|Any CPU
		{AE7562CF-863A-4337-853C-B42697EC242A}.Debug|Any CPU.Build.0 = Debug|Any CPU
		{AE7562CF-863A-4337-853C-B42697EC242A}.Release|Any CPU.ActiveCfg = Release|Any CPU
		{AE7562CF-863A-4337-853C-B42697EC242A}.Release|Any CPU.Build.0 = Release|Any CPU
	EndGlobalSection
	GlobalSection(SolutionProperties) = preSolution
		HideSolutionNode = FALSE
	EndGlobalSection
	GlobalSection(ExtensibilityGlobals) = postSolution
		SolutionGuid = {E644F3C7-D0FF-4A33-A786-1A1A1953ABFB}
	EndGlobalSection
EndGlobal
