
Microsoft Visual Studio Solution File, Format Version 12.00
# Visual Studio Version 16
VisualStudioVersion = 16.0.32228.343
MinimumVisualStudioVersion = 10.0.40219.1
Project("{FAE04EC0-301F-11D3-BF4B-00C04F79EFBC}") = "ConsoleGame", "ConsoleGame.csproj", "{C1B2A6D8-74FB-4E54-AD31-A74960FDB02A}"
EndProject
Global
	GlobalSection(SolutionConfigurationPlatforms) = preSolution
		Debug|Any CPU = Debug|Any CPU
		Release|Any CPU = Release|Any CPU
	EndGlobalSection
	GlobalSection(ProjectConfigurationPlatforms) = postSolution
		{C1B2A6D8-74FB-4E54-AD31-A74960FDB02A}.Debug|Any CPU.ActiveCfg = Debug|Any CPU
		{C1B2A6D8-74FB-4E54-AD31-A74960FDB02A}.Debug|Any CPU.Build.0 = Debug|Any CPU
		{C1B2A6D8-74FB-4E54-AD31-A74960FDB02A}.Release|Any CPU.ActiveCfg = Release|Any CPU
		{C1B2A6D8-74FB-4E54-AD31-A74960FDB02A}.Release|Any CPU.Build.0 = Release|Any CPU
	EndGlobalSection
	GlobalSection(SolutionProperties) = preSolution
		HideSolutionNode = FALSE
	EndGlobalSection
	GlobalSection(ExtensibilityGlobals) = postSolution
		SolutionGuid = {1B8BE8C6-E1CD-440A-B9D1-157382E4FE31}
	EndGlobalSection
EndGlobal
